// !$*UTF8*$!
{
	archiveVersion = 1;
	classes = {
	};
	objectVersion = 52;
	objects = {

/* Begin PBXBuildFile section */
		F39ED92426D78D9E00E6F277 /* AppDelegate.swift in Sources */ = {isa = PBXBuildFile; fileRef = F39ED92326D78D9E00E6F277 /* AppDelegate.swift */; };
		F39ED92626D78D9E00E6F277 /* SceneDelegate.swift in Sources */ = {isa = PBXBuildFile; fileRef = F39ED92526D78D9E00E6F277 /* SceneDelegate.swift */; };
		F39ED92826D78D9E00E6F277 /* ViewController.swift in Sources */ = {isa = PBXBuildFile; fileRef = F39ED92726D78D9E00E6F277 /* ViewController.swift */; };
		F39ED92B26D78D9E00E6F277 /* Main.storyboard in Resources */ = {isa = PBXBuildFile; fileRef = F39ED92926D78D9E00E6F277 /* Main.storyboard */; };
		F39ED92D26D78DA100E6F277 /* Assets.xcassets in Resources */ = {isa = PBXBuildFile; fileRef = F39ED92C26D78DA100E6F277 /* Assets.xcassets */; };
		F39ED93026D78DA100E6F277 /* LaunchScreen.storyboard in Resources */ = {isa = PBXBuildFile; fileRef = F39ED92E26D78DA100E6F277 /* LaunchScreen.storyboard */; };
		F39ED93926D78DE500E6F277 /* AgoraUIKit_iOS in Frameworks */ = {isa = PBXBuildFile; productRef = F39ED93826D78DE500E6F277 /* AgoraUIKit_iOS */; };
/* End PBXBuildFile section */

/* Begin PBXFileReference section */
		F39ED92026D78D9E00E6F277 /* test-uikit.app */ = {isa = PBXFileReference; explicitFileType = wrapper.application; includeInIndex = 0; path = "test-uikit.app"; sourceTree = BUILT_PRODUCTS_DIR; };
		F39ED92326D78D9E00E6F277 /* AppDelegate.swift */ = {isa = PBXFileReference; lastKnownFileType = sourcecode.swift; path = AppDelegate.swift; sourceTree = "<group>"; };
		F39ED92526D78D9E00E6F277 /* SceneDelegate.swift */ = {isa = PBXFileReference; lastKnownFileType = sourcecode.swift; path = SceneDelegate.swift; sourceTree = "<group>"; };
		F39ED92726D78D9E00E6F277 /* ViewController.swift */ = {isa = PBXFileReference; lastKnownFileType = sourcecode.swift; path = ViewController.swift; sourceTree = "<group>"; };
		F39ED92A26D78D9E00E6F277 /* Base */ = {isa = PBXFileReference; lastKnownFileType = file.storyboard; name = Base; path = Base.lproj/Main.storyboard; sourceTree = "<group>"; };
		F39ED92C26D78DA100E6F277 /* Assets.xcassets */ = {isa = PBXFileReference; lastKnownFileType = folder.assetcatalog; path = Assets.xcassets; sourceTree = "<group>"; };
		F39ED92F26D78DA100E6F277 /* Base */ = {isa = PBXFileReference; lastKnownFileType = file.storyboard; name = Base; path = Base.lproj/LaunchScreen.storyboard; sourceTree = "<group>"; };
		F39ED93126D78DA100E6F277 /* Info.plist */ = {isa = PBXFileReference; lastKnownFileType = text.plist.xml; path = Info.plist; sourceTree = "<group>"; };
/* End PBXFileReference section */

/* Begin PBXFrameworksBuildPhase section */
		F39ED91D26D78D9E00E6F277 /* Frameworks */ = {
			isa = PBXFrameworksBuildPhase;
			buildActionMask = 2147483647;
			files = (
				F39ED93926D78DE500E6F277 /* AgoraUIKit_iOS in Frameworks */,
			);
			runOnlyForDeploymentPostprocessing = 0;
		};
/* End PBXFrameworksBuildPhase section */

/* Begin PBXGroup section */
		F39ED91726D78D9E00E6F277 = {
			isa = PBXGroup;
			children = (
				F39ED92226D78D9E00E6F277 /* test-uikit */,
				F39ED92126D78D9E00E6F277 /* Products */,
			);
			sourceTree = "<group>";
		};
		F39ED92126D78D9E00E6F277 /* Products */ = {
			isa = PBXGroup;
			children = (
				F39ED92026D78D9E00E6F277 /* test-uikit.app */,
			);
			name = Products;
			sourceTree = "<group>";
		};
		F39ED92226D78D9E00E6F277 /* test-uikit */ = {
			isa = PBXGroup;
			children = (
				F39ED92326D78D9E00E6F277 /* AppDelegate.swift */,
				F39ED92526D78D9E00E6F277 /* SceneDelegate.swift */,
				F39ED92726D78D9E00E6F277 /* ViewController.swift */,
				F39ED92926D78D9E00E6F277 /* Main.storyboard */,
				F39ED92C26D78DA100E6F277 /* Assets.xcassets */,
				F39ED92E26D78DA100E6F277 /* LaunchScreen.storyboard */,
				F39ED93126D78DA100E6F277 /* Info.plist */,
			);
			path = "test-uikit";
			sourceTree = "<group>";
		};
/* End PBXGroup section */

/* Begin PBXNativeTarget section */
		F39ED91F26D78D9E00E6F277 /* test-uikit */ = {
			isa = PBXNativeTarget;
			buildConfigurationList = F39ED93426D78DA100E6F277 /* Build configuration list for PBXNativeTarget "test-uikit" */;
			buildPhases = (
				F39ED91C26D78D9E00E6F277 /* Sources */,
				F39ED91D26D78D9E00E6F277 /* Frameworks */,
				F39ED91E26D78D9E00E6F277 /* Resources */,
			);
			buildRules = (
			);
			dependencies = (
			);
			name = "test-uikit";
			packageProductDependencies = (
				F39ED93826D78DE500E6F277 /* AgoraUIKit_iOS */,
			);
			productName = "test-uikit";
			productReference = F39ED92026D78D9E00E6F277 /* test-uikit.app */;
			productType = "com.apple.product-type.application";
		};
/* End PBXNativeTarget section */

/* Begin PBXProject section */
		F39ED91826D78D9E00E6F277 /* Project object */ = {
			isa = PBXProject;
			attributes = {
				LastSwiftUpdateCheck = 1250;
				LastUpgradeCheck = 1250;
				TargetAttributes = {
					F39ED91F26D78D9E00E6F277 = {
						CreatedOnToolsVersion = 12.5.1;
					};
				};
			};
			buildConfigurationList = F39ED91B26D78D9E00E6F277 /* Build configuration list for PBXProject "test-uikit" */;
			compatibilityVersion = "Xcode 9.3";
			developmentRegion = en;
			hasScannedForEncodings = 0;
			knownRegions = (
				en,
				Base,
			);
			mainGroup = F39ED91726D78D9E00E6F277;
			packageReferences = (
				F39ED93726D78DE500E6F277 /* XCRemoteSwiftPackageReference "iOS-UIKit" */,
			);
			productRefGroup = F39ED92126D78D9E00E6F277 /* Products */;
			projectDirPath = "";
			projectRoot = "";
			targets = (
				F39ED91F26D78D9E00E6F277 /* test-uikit */,
			);
		};
/* End PBXProject section */

/* Begin PBXResourcesBuildPhase section */
		F39ED91E26D78D9E00E6F277 /* Resources */ = {
			isa = PBXResourcesBuildPhase;
			buildActionMask = 2147483647;
			files = (
				F39ED93026D78DA100E6F277 /* LaunchScreen.storyboard in Resources */,
				F39ED92D26D78DA100E6F277 /* Assets.xcassets in Resources */,
				F39ED92B26D78D9E00E6F277 /* Main.storyboard in Resources */,
			);
			runOnlyForDeploymentPostprocessing = 0;
		};
/* End PBXResourcesBuildPhase section */

/* Begin PBXSourcesBuildPhase section */
		F39ED91C26D78D9E00E6F277 /* Sources */ = {
			isa = PBXSourcesBuildPhase;
			buildActionMask = 2147483647;
			files = (
				F39ED92826D78D9E00E6F277 /* ViewController.swift in Sources */,
				F39ED92426D78D9E00E6F277 /* AppDelegate.swift in Sources */,
				F39ED92626D78D9E00E6F277 /* SceneDelegate.swift in Sources */,
			);
			runOnlyForDeploymentPostprocessing = 0;
		};
/* End PBXSourcesBuildPhase section */

/* Begin PBXVariantGroup section */
		F39ED92926D78D9E00E6F277 /* Main.storyboard */ = {
			isa = PBXVariantGroup;
			children = (
				F39ED92A26D78D9E00E6F277 /* Base */,
			);
			name = Main.storyboard;
			sourceTree = "<group>";
		};
		F39ED92E26D78DA100E6F277 /* LaunchScreen.storyboard */ = {
			isa = PBXVariantGroup;
			children = (
				F39ED92F26D78DA100E6F277 /* Base */,
			);
			name = LaunchScreen.storyboard;
			sourceTree = "<group>";
		};
/* End PBXVariantGroup section */

/* Begin XCBuildConfiguration section */
		F39ED93226D78DA100E6F277 /* Debug */ = {
			isa = XCBuildConfiguration;
			buildSettings = {
				ALWAYS_SEARCH_USER_PATHS = NO;
				CLANG_ANALYZER_NONNULL = YES;
				CLANG_ANALYZER_NUMBER_OBJECT_CONVERSION = YES_AGGRESSIVE;
				CLANG_CXX_LANGUAGE_STANDARD = "gnu++14";
				CLANG_CXX_LIBRARY = "libc++";
				CLANG_ENABLE_MODULES = YES;
				CLANG_ENABLE_OBJC_ARC = YES;
				CLANG_ENABLE_OBJC_WEAK = YES;
				CLANG_WARN_BLOCK_CAPTURE_AUTORELEASING = YES;
				CLANG_WARN_BOOL_CONVERSION = YES;
				CLANG_WARN_COMMA = YES;
				CLANG_WARN_CONSTANT_CONVERSION = YES;
				CLANG_WARN_DEPRECATED_OBJC_IMPLEMENTATIONS = YES;
				CLANG_WARN_DIRECT_OBJC_ISA_USAGE = YES_ERROR;
				CLANG_WARN_DOCUMENTATION_COMMENTS = YES;
				CLANG_WARN_EMPTY_BODY = YES;
				CLANG_WARN_ENUM_CONVERSION = YES;
				CLANG_WARN_INFINITE_RECURSION = YES;
				CLANG_WARN_INT_CONVERSION = YES;
				CLANG_WARN_NON_LITERAL_NULL_CONVERSION = YES;
				CLANG_WARN_OBJC_IMPLICIT_RETAIN_SELF = YES;
				CLANG_WARN_OBJC_LITERAL_CONVERSION = YES;
				CLANG_WARN_OBJC_ROOT_CLASS = YES_ERROR;
				CLANG_WARN_QUOTED_INCLUDE_IN_FRAMEWORK_HEADER = YES;
				CLANG_WARN_RANGE_LOOP_ANALYSIS = YES;
				CLANG_WARN_STRICT_PROTOTYPES = YES;
				CLANG_WARN_SUSPICIOUS_MOVE = YES;
				CLANG_WARN_UNGUARDED_AVAILABILITY = YES_AGGRESSIVE;
				CLANG_WARN_UNREACHABLE_CODE = YES;
				CLANG_WARN__DUPLICATE_METHOD_MATCH = YES;
				COPY_PHASE_STRIP = NO;
				DEBUG_INFORMATION_FORMAT = dwarf;
				ENABLE_STRICT_OBJC_MSGSEND = YES;
				ENABLE_TESTABILITY = YES;
				GCC_C_LANGUAGE_STANDARD = gnu11;
				GCC_DYNAMIC_NO_PIC = NO;
				GCC_NO_COMMON_BLOCKS = YES;
				GCC_OPTIMIZATION_LEVEL = 0;
				GCC_PREPROCESSOR_DEFINITIONS = (
					"DEBUG=1",
					"$(inherited)",
				);
				GCC_WARN_64_TO_32_BIT_CONVERSION = YES;
				GCC_WARN_ABOUT_RETURN_TYPE = YES_ERROR;
				GCC_WARN_UNDECLARED_SELECTOR = YES;
				GCC_WARN_UNINITIALIZED_AUTOS = YES_AGGRESSIVE;
				GCC_WARN_UNUSED_FUNCTION = YES;
				GCC_WARN_UNUSED_VARIABLE = YES;
				IPHONEOS_DEPLOYMENT_TARGET = 14.5;
				MTL_ENABLE_DEBUG_INFO = INCLUDE_SOURCE;
				MTL_FAST_MATH = YES;
				ONLY_ACTIVE_ARCH = YES;
				SDKROOT = iphoneos;
				SWIFT_ACTIVE_COMPILATION_CONDITIONS = DEBUG;
				SWIFT_OPTIMIZATION_LEVEL = "-Onone";
			};
			name = Debug;
		};
		F39ED93326D78DA100E6F277 /* Release */ = {
			isa = XCBuildConfiguration;
			buildSettings = {
				ALWAYS_SEARCH_USER_PATHS = NO;
				CLANG_ANALYZER_NONNULL = YES;
				CLANG_ANALYZER_NUMBER_OBJECT_CONVERSION = YES_AGGRESSIVE;
				CLANG_CXX_LANGUAGE_STANDARD = "gnu++14";
				CLANG_CXX_LIBRARY = "libc++";
				CLANG_ENABLE_MODULES = YES;
				CLANG_ENABLE_OBJC_ARC = YES;
				CLANG_ENABLE_OBJC_WEAK = YES;
				CLANG_WARN_BLOCK_CAPTURE_AUTORELEASING = YES;
				CLANG_WARN_BOOL_CONVERSION = YES;
				CLANG_WARN_COMMA = YES;
				CLANG_WARN_CONSTANT_CONVERSION = YES;
				CLANG_WARN_DEPRECATED_OBJC_IMPLEMENTATIONS = YES;
				CLANG_WARN_DIRECT_OBJC_ISA_USAGE = YES_ERROR;
				CLANG_WARN_DOCUMENTATION_COMMENTS = YES;
				CLANG_WARN_EMPTY_BODY = YES;
				CLANG_WARN_ENUM_CONVERSION = YES;
				CLANG_WARN_INFINITE_RECURSION = YES;
				CLANG_WARN_INT_CONVERSION = YES;
				CLANG_WARN_NON_LITERAL_NULL_CONVERSION = YES;
				CLANG_WARN_OBJC_IMPLICIT_RETAIN_SELF = YES;
				CLANG_WARN_OBJC_LITERAL_CONVERSION = YES;
				CLANG_WARN_OBJC_ROOT_CLASS = YES_ERROR;
				CLANG_WARN_QUOTED_INCLUDE_IN_FRAMEWORK_HEADER = YES;
				CLANG_WARN_RANGE_LOOP_ANALYSIS = YES;
				CLANG_WARN_STRICT_PROTOTYPES = YES;
				CLANG_WARN_SUSPICIOUS_MOVE = YES;
				CLANG_WARN_UNGUARDED_AVAILABILITY = YES_AGGRESSIVE;
				CLANG_WARN_UNREACHABLE_CODE = YES;
				CLANG_WARN__DUPLICATE_METHOD_MATCH = YES;
				COPY_PHASE_STRIP = NO;
				DEBUG_INFORMATION_FORMAT = "dwarf-with-dsym";
				ENABLE_NS_ASSERTIONS = NO;
				ENABLE_STRICT_OBJC_MSGSEND = YES;
				GCC_C_LANGUAGE_STANDARD = gnu11;
				GCC_NO_COMMON_BLOCKS = YES;
				GCC_WARN_64_TO_32_BIT_CONVERSION = YES;
				GCC_WARN_ABOUT_RETURN_TYPE = YES_ERROR;
				GCC_WARN_UNDECLARED_SELECTOR = YES;
				GCC_WARN_UNINITIALIZED_AUTOS = YES_AGGRESSIVE;
				GCC_WARN_UNUSED_FUNCTION = YES;
				GCC_WARN_UNUSED_VARIABLE = YES;
				IPHONEOS_DEPLOYMENT_TARGET = 14.5;
				MTL_ENABLE_DEBUG_INFO = NO;
				MTL_FAST_MATH = YES;
				SDKROOT = iphoneos;
				SWIFT_COMPILATION_MODE = wholemodule;
				SWIFT_OPTIMIZATION_LEVEL = "-O";
				VALIDATE_PRODUCT = YES;
			};
			name = Release;
		};
		F39ED93526D78DA100E6F277 /* Debug */ = {
			isa = XCBuildConfiguration;
			buildSettings = {
				ASSETCATALOG_COMPILER_APPICON_NAME = AppIcon;
				ASSETCATALOG_COMPILER_GLOBAL_ACCENT_COLOR_NAME = AccentColor;
				CODE_SIGN_STYLE = Automatic;
				DEVELOPMENT_TEAM = 278494H572;
				INFOPLIST_FILE = "test-uikit/Info.plist";
				LD_RUNPATH_SEARCH_PATHS = (
					"$(inherited)",
					"@executable_path/Frameworks",
				);
				PRODUCT_BUNDLE_IDENTIFIER = "uk.rocketar.test-uikit";
				PRODUCT_NAME = "$(TARGET_NAME)";
				SWIFT_VERSION = 5.0;
				TARGETED_DEVICE_FAMILY = "1,2";
			};
			name = Debug;
		};
		F39ED93626D78DA100E6F277 /* Release */ = {
			isa = XCBuildConfiguration;
			buildSettings = {
				ASSETCATALOG_COMPILER_APPICON_NAME = AppIcon;
				ASSETCATALOG_COMPILER_GLOBAL_ACCENT_COLOR_NAME = AccentColor;
				CODE_SIGN_STYLE = Automatic;
				DEVELOPMENT_TEAM = 278494H572;
				INFOPLIST_FILE = "test-uikit/Info.plist";
				LD_RUNPATH_SEARCH_PATHS = (
					"$(inherited)",
					"@executable_path/Frameworks",
				);
				PRODUCT_BUNDLE_IDENTIFIER = "uk.rocketar.test-uikit";
				PRODUCT_NAME = "$(TARGET_NAME)";
				SWIFT_VERSION = 5.0;
				TARGETED_DEVICE_FAMILY = "1,2";
			};
			name = Release;
		};
/* End XCBuildConfiguration section */

/* Begin XCConfigurationList section */
		F39ED91B26D78D9E00E6F277 /* Build configuration list for PBXProject "test-uikit" */ = {
			isa = XCConfigurationList;
			buildConfigurations = (
				F39ED93226D78DA100E6F277 /* Debug */,
				F39ED93326D78DA100E6F277 /* Release */,
			);
			defaultConfigurationIsVisible = 0;
			defaultConfigurationName = Release;
		};
		F39ED93426D78DA100E6F277 /* Build configuration list for PBXNativeTarget "test-uikit" */ = {
			isa = XCConfigurationList;
			buildConfigurations = (
				F39ED93526D78DA100E6F277 /* Debug */,
				F39ED93626D78DA100E6F277 /* Release */,
			);
			defaultConfigurationIsVisible = 0;
			defaultConfigurationName = Release;
		};
/* End XCConfigurationList section */

/* Begin XCRemoteSwiftPackageReference section */
		F39ED93726D78DE500E6F277 /* XCRemoteSwiftPackageReference "iOS-UIKit" */ = {
			isa = XCRemoteSwiftPackageReference;
			repositoryURL = "git@github.com:AgoraIO-Community/iOS-UIKit.git";
			requirement = {
				kind = upToNextMajorVersion;
				minimumVersion = 1.5.2;
			};
		};
/* End XCRemoteSwiftPackageReference section */

/* Begin XCSwiftPackageProductDependency section */
		F39ED93826D78DE500E6F277 /* AgoraUIKit_iOS */ = {
			isa = XCSwiftPackageProductDependency;
			package = F39ED93726D78DE500E6F277 /* XCRemoteSwiftPackageReference "iOS-UIKit" */;
			productName = AgoraUIKit_iOS;
		};
/* End XCSwiftPackageProductDependency section */
	};
	rootObject = F39ED91826D78D9E00E6F277 /* Project object */;
}
